{
  "version": 4,
  "terraform_version": "1.13.3",
  "serial": 23,
  "lineage": "3b833043-537c-0f27-9bf3-188d80a4989c",
  "outputs": {
    "network_name": {
      "value": "red-personalizada",
      "type": "string"
    },
    "subnet_name": {
      "value": "subred-personalizada",
      "type": "string"
    },
    "vm_external_ip": {
      "value": "35.195.39.35",
      "type": "string"
    },
    "vm_internal_ip": {
      "value": "10.10.0.2",
      "type": "string"
    },
    "vm_name": {
      "value": "vm-ejemplo2",
      "type": "string"
    }
  },
  "resources": [
    {
      "mode": "managed",
      "type": "google_compute_firewall",
      "name": "ssh_firewall",
      "provider": "provider[\"registry.terraform.io/hashicorp/google\"]",
      "instances": [
        {
          "schema_version": 1,
          "attributes": {
            "allow": [
              {
                "ports": [
                  "22"
                ],
                "protocol": "tcp"
              }
            ],
            "creation_timestamp": "2025-10-22T12:49:36.445-07:00",
            "deny": [],
            "description": "",
            "destination_ranges": [],
            "direction": "INGRESS",
            "disabled": false,
            "enable_logging": null,
            "id": "projects/proven-mystery-473711-n3/global/firewalls/allow-ssh",
            "log_config": [],
            "name": "allow-ssh",
            "network": "https://www.googleapis.com/compute/v1/projects/proven-mystery-473711-n3/global/networks/red-personalizada",
            "priority": 1000,
            "project": "proven-mystery-473711-n3",
            "self_link": "https://www.googleapis.com/compute/v1/projects/proven-mystery-473711-n3/global/firewalls/allow-ssh",
            "source_ranges": [
              "0.0.0.0/0"
            ],
            "source_service_accounts": null,
            "source_tags": null,
            "target_service_accounts": null,
            "target_tags": [
              "terraform",
              "vm-ejemplo2"
            ],
            "timeouts": null
          },
          "sensitive_attributes": [],
          "identity_schema_version": 0,
          "private": "eyJlMmJmYjczMC1lY2FhLTExZTYtOGY4OC0zNDM2M2JjN2M0YzAiOnsiY3JlYXRlIjoxMjAwMDAwMDAwMDAwLCJkZWxldGUiOjEyMDAwMDAwMDAwMDAsInVwZGF0ZSI6MTIwMDAwMDAwMDAwMH0sInNjaGVtYV92ZXJzaW9uIjoiMSJ9",
          "dependencies": [
            "google_compute_network.red_personalizada"
          ]
        }
      ]
    },
    {
      "mode": "managed",
      "type": "google_compute_instance",
      "name": "vm_red",
      "provider": "provider[\"registry.terraform.io/hashicorp/google\"]",
      "instances": [
        {
          "schema_version": 6,
          "attributes": {
            "advanced_machine_features": [],
            "allow_stopping_for_update": null,
            "attached_disk": [],
            "boot_disk": [
              {
                "auto_delete": true,
                "device_name": "persistent-disk-0",
                "disk_encryption_key_raw": "",
                "disk_encryption_key_sha256": "",
                "initialize_params": [
                  {
                    "enable_confidential_compute": false,
                    "image": "https://www.googleapis.com/compute/v1/projects/debian-cloud/global/images/debian-12-bookworm-v20251014",
                    "labels": {},
                    "provisioned_iops": 0,
                    "provisioned_throughput": 0,
                    "resource_manager_tags": null,
                    "size": 10,
                    "storage_pool": "",
                    "type": "pd-standard"
                  }
                ],
                "kms_key_self_link": "",
                "mode": "READ_WRITE",
                "source": "https://www.googleapis.com/compute/v1/projects/proven-mystery-473711-n3/zones/europe-west1-b/disks/vm-ejemplo2"
              }
            ],
            "can_ip_forward": false,
            "confidential_instance_config": [],
            "cpu_platform": "Intel Broadwell",
            "current_status": "RUNNING",
            "deletion_protection": false,
            "description": "",
            "desired_status": null,
            "effective_labels": {},
            "enable_display": false,
            "guest_accelerator": [],
            "hostname": "",
            "id": "projects/proven-mystery-473711-n3/zones/europe-west1-b/instances/vm-ejemplo2",
            "instance_id": "3303763553803340681",
            "label_fingerprint": "42WmSpB8rSM=",
            "labels": null,
            "machine_type": "e2-medium",
            "metadata": {
              "ssh-keys": "macale:ssh-rsa AAAAB3NzaC1yc2EAAAADAQABAAACAQDQW3hODvTHK138k8UdfMz3bfS7PQb1PuU+gnWQjOHD5eML+YAbRNNoQxUTOkMQ7zzxz/96skpicz7PHXADnlbmZYuQ6wY+dmfRDRJcFa5U563k0DSUioFDwkK2Z1HjHHJVTenQHj/r+OfGSQ8Xe0sPFNzCY4cUO2xuD6cAccX8QIKt1YWkc/AhYsNYB3vUL/ci10nWUUtDokqH+ad6VRC9B/JO3WQDkcKfSc0aMunJmwruuROMMDtJqrKzMqbNZGHz/ym92KMaheP3EE9OfJaA1Zlg3feU0iceb37lJgH2KtjbFwkIZ0N9N46rqGroF8hfXxbBLvJPgYCjYouV2VVexgkUHvAzdmyRPhyfUmL+eUmhfcEmUZZ+WgpBz56SxtXf/R2vW0DodoN/JZSFnhlT7Gj8xHOiovKgrTcN78F/+c0KqKpRaDZNl4VXkp0LvGEwqyAu4wYc09TZmj/5TPLwNEMWIRmzM9Pf0TtcVK68SU/vZwzSEYcmf1hCoEJEO0qJdvDM+TAy644fesYQVcG1AH1ahWPC7hyPz54Jw0PIZpMTL4NMjzcBX32Nk/aji5GWRQM/6Q+Qkw5WK+HuIwv9EnElsSSvqYn1hYVCZc3v6gnqIr8I9Hm8X9umbmc6BR8jj9EifmUupZvMfk9OjlJaXLtxen9Eh8xoGyv7hLr0uQ== macale@debian\n"
            },
            "metadata_fingerprint": "lq5hwPOwq5o=",
            "metadata_startup_script": null,
            "min_cpu_platform": "",
            "name": "vm-ejemplo2",
            "network_interface": [
              {
                "access_config": [
                  {
                    "nat_ip": "35.195.39.35",
                    "network_tier": "PREMIUM",
                    "public_ptr_domain_name": ""
                  }
                ],
                "alias_ip_range": [],
                "internal_ipv6_prefix_length": 0,
                "ipv6_access_config": [],
                "ipv6_access_type": "",
                "ipv6_address": "",
                "name": "nic0",
                "network": "https://www.googleapis.com/compute/v1/projects/proven-mystery-473711-n3/global/networks/red-personalizada",
                "network_ip": "10.10.0.2",
                "nic_type": "",
                "queue_count": 0,
                "stack_type": "IPV4_ONLY",
                "subnetwork": "https://www.googleapis.com/compute/v1/projects/proven-mystery-473711-n3/regions/europe-west1/subnetworks/subred-personalizada",
                "subnetwork_project": "proven-mystery-473711-n3"
              }
            ],
            "network_performance_config": [],
            "params": [],
            "project": "proven-mystery-473711-n3",
            "reservation_affinity": [],
            "resource_policies": null,
            "scheduling": [
              {
                "automatic_restart": true,
                "instance_termination_action": "",
                "local_ssd_recovery_timeout": [],
                "max_run_duration": [],
                "min_node_cpus": 0,
                "node_affinities": [],
                "on_host_maintenance": "MIGRATE",
                "on_instance_stop_action": [],
                "preemptible": false,
                "provisioning_model": "STANDARD"
              }
            ],
            "scratch_disk": [],
            "self_link": "https://www.googleapis.com/compute/v1/projects/proven-mystery-473711-n3/zones/europe-west1-b/instances/vm-ejemplo2",
            "service_account": [],
            "shielded_instance_config": [
              {
                "enable_integrity_monitoring": true,
                "enable_secure_boot": false,
                "enable_vtpm": true
              }
            ],
            "tags": [
              "terraform",
              "vm-ejemplo2"
            ],
            "tags_fingerprint": "C_fxccLPw20=",
            "terraform_labels": {},
            "timeouts": null,
            "zone": "europe-west1-b"
          },
          "sensitive_attributes": [
            [
              {
                "type": "get_attr",
                "value": "boot_disk"
              },
              {
                "type": "index",
                "value": {
                  "value": 0,
                  "type": "number"
                }
              },
              {
                "type": "get_attr",
                "value": "disk_encryption_key_raw"
              }
            ]
          ],
          "identity_schema_version": 0,
          "private": "eyJlMmJmYjczMC1lY2FhLTExZTYtOGY4OC0zNDM2M2JjN2M0YzAiOnsiY3JlYXRlIjoxMjAwMDAwMDAwMDAwLCJkZWxldGUiOjEyMDAwMDAwMDAwMDAsInVwZGF0ZSI6MTIwMDAwMDAwMDAwMH0sInNjaGVtYV92ZXJzaW9uIjoiNiJ9",
          "dependencies": [
            "google_compute_network.red_personalizada",
            "google_compute_subnetwork.subred_personalizada"
          ]
        }
      ]
    },
    {
      "mode": "managed",
      "type": "google_compute_network",
      "name": "red_personalizada",
      "provider": "provider[\"registry.terraform.io/hashicorp/google\"]",
      "instances": [
        {
          "schema_version": 0,
          "attributes": {
            "auto_create_subnetworks": false,
            "delete_default_routes_on_create": false,
            "description": "",
            "enable_ula_internal_ipv6": false,
            "gateway_ipv4": "",
            "id": "projects/proven-mystery-473711-n3/global/networks/red-personalizada",
            "internal_ipv6_range": "",
            "mtu": 0,
            "name": "red-personalizada",
            "network_firewall_policy_enforcement_order": "AFTER_CLASSIC_FIREWALL",
            "numeric_id": "2206860285436005333",
            "project": "proven-mystery-473711-n3",
            "routing_mode": "REGIONAL",
            "self_link": "https://www.googleapis.com/compute/v1/projects/proven-mystery-473711-n3/global/networks/red-personalizada",
            "timeouts": null
          },
          "sensitive_attributes": [],
          "identity_schema_version": 0,
          "private": "eyJlMmJmYjczMC1lY2FhLTExZTYtOGY4OC0zNDM2M2JjN2M0YzAiOnsiY3JlYXRlIjoxMjAwMDAwMDAwMDAwLCJkZWxldGUiOjEyMDAwMDAwMDAwMDAsInVwZGF0ZSI6MTIwMDAwMDAwMDAwMH19"
        }
      ]
    },
    {
      "mode": "managed",
      "type": "google_compute_subnetwork",
      "name": "subred_personalizada",
      "provider": "provider[\"registry.terraform.io/hashicorp/google\"]",
      "instances": [
        {
          "schema_version": 0,
          "attributes": {
            "creation_timestamp": "2025-10-22T12:49:36.684-07:00",
            "description": "",
            "external_ipv6_prefix": "",
            "fingerprint": null,
            "gateway_address": "10.10.0.1",
            "id": "projects/proven-mystery-473711-n3/regions/europe-west1/subnetworks/subred-personalizada",
            "internal_ipv6_prefix": "",
            "ip_cidr_range": "10.10.0.0/24",
            "ipv6_access_type": "",
            "ipv6_cidr_range": "",
            "log_config": [],
            "name": "subred-personalizada",
            "network": "https://www.googleapis.com/compute/v1/projects/proven-mystery-473711-n3/global/networks/red-personalizada",
            "private_ip_google_access": false,
            "private_ipv6_google_access": "DISABLE_GOOGLE_ACCESS",
            "project": "proven-mystery-473711-n3",
            "purpose": "PRIVATE",
            "region": "europe-west1",
            "role": "",
            "secondary_ip_range": [],
            "self_link": "https://www.googleapis.com/compute/v1/projects/proven-mystery-473711-n3/regions/europe-west1/subnetworks/subred-personalizada",
            "send_secondary_ip_range_if_empty": null,
            "stack_type": "IPV4_ONLY",
            "timeouts": null
          },
          "sensitive_attributes": [],
          "identity_schema_version": 0,
          "private": "eyJlMmJmYjczMC1lY2FhLTExZTYtOGY4OC0zNDM2M2JjN2M0YzAiOnsiY3JlYXRlIjoxMjAwMDAwMDAwMDAwLCJkZWxldGUiOjEyMDAwMDAwMDAwMDAsInVwZGF0ZSI6MTIwMDAwMDAwMDAwMH19",
          "dependencies": [
            "google_compute_network.red_personalizada"
          ]
        }
      ]
    }
  ],
  "check_results": null
}
