{
  "version": 4,
  "terraform_version": "1.13.4",
  "serial": 49,
  "lineage": "d7919954-bd82-d6e8-033e-16cc54d72adf",
  "outputs": {
    "cluster_endpoint": {
      "value": "35.187.3.228",
      "type": "string"
    },
    "cluster_name": {
      "value": "gke-cluster",
      "type": "string"
    }
  },
  "resources": [
    {
      "mode": "managed",
      "type": "google_compute_network",
      "name": "vpc_gke",
      "provider": "provider[\"registry.terraform.io/hashicorp/google\"]",
      "instances": [
        {
          "schema_version": 0,
          "attributes": {
            "auto_create_subnetworks": false,
            "delete_default_routes_on_create": false,
            "description": "",
            "enable_ula_internal_ipv6": false,
            "gateway_ipv4": "",
            "id": "projects/proven-mystery-473711-n3/global/networks/vpc-gke",
            "internal_ipv6_range": "",
            "mtu": 0,
            "name": "vpc-gke",
            "network_firewall_policy_enforcement_order": "AFTER_CLASSIC_FIREWALL",
            "numeric_id": "5753635022818165266",
            "project": "proven-mystery-473711-n3",
            "routing_mode": "REGIONAL",
            "self_link": "https://www.googleapis.com/compute/v1/projects/proven-mystery-473711-n3/global/networks/vpc-gke",
            "timeouts": null
          },
          "sensitive_attributes": [],
          "identity_schema_version": 0,
          "private": "eyJlMmJmYjczMC1lY2FhLTExZTYtOGY4OC0zNDM2M2JjN2M0YzAiOnsiY3JlYXRlIjoxMjAwMDAwMDAwMDAwLCJkZWxldGUiOjEyMDAwMDAwMDAwMDAsInVwZGF0ZSI6MTIwMDAwMDAwMDAwMH19"
        }
      ]
    },
    {
      "mode": "managed",
      "type": "google_compute_router",
      "name": "router_gke",
      "provider": "provider[\"registry.terraform.io/hashicorp/google\"]",
      "instances": [
        {
          "schema_version": 0,
          "attributes": {
            "bgp": [],
            "creation_timestamp": "2025-10-27T07:09:23.775-07:00",
            "description": "",
            "encrypted_interconnect_router": false,
            "id": "projects/proven-mystery-473711-n3/regions/europe-west1/routers/router-gke",
            "name": "router-gke",
            "network": "https://www.googleapis.com/compute/v1/projects/proven-mystery-473711-n3/global/networks/vpc-gke",
            "project": "proven-mystery-473711-n3",
            "region": "europe-west1",
            "self_link": "https://www.googleapis.com/compute/v1/projects/proven-mystery-473711-n3/regions/europe-west1/routers/router-gke",
            "timeouts": null
          },
          "sensitive_attributes": [],
          "identity_schema_version": 0,
          "private": "eyJlMmJmYjczMC1lY2FhLTExZTYtOGY4OC0zNDM2M2JjN2M0YzAiOnsiY3JlYXRlIjoxMjAwMDAwMDAwMDAwLCJkZWxldGUiOjEyMDAwMDAwMDAwMDAsInVwZGF0ZSI6MTIwMDAwMDAwMDAwMH19",
          "dependencies": [
            "google_compute_network.vpc_gke"
          ]
        }
      ]
    },
    {
      "mode": "managed",
      "type": "google_compute_router_nat",
      "name": "nat_gke",
      "provider": "provider[\"registry.terraform.io/hashicorp/google\"]",
      "instances": [
        {
          "schema_version": 0,
          "attributes": {
            "auto_network_tier": "PREMIUM",
            "drain_nat_ips": null,
            "enable_dynamic_port_allocation": false,
            "enable_endpoint_independent_mapping": false,
            "endpoint_types": [
              "ENDPOINT_TYPE_VM"
            ],
            "icmp_idle_timeout_sec": 30,
            "id": "proven-mystery-473711-n3/europe-west1/router-gke/nat-gke",
            "log_config": [],
            "max_ports_per_vm": 0,
            "min_ports_per_vm": 0,
            "name": "nat-gke",
            "nat_ip_allocate_option": "AUTO_ONLY",
            "nat_ips": null,
            "project": "proven-mystery-473711-n3",
            "region": "europe-west1",
            "router": "router-gke",
            "rules": [],
            "source_subnetwork_ip_ranges_to_nat": "ALL_SUBNETWORKS_ALL_IP_RANGES",
            "subnetwork": [],
            "tcp_established_idle_timeout_sec": 1200,
            "tcp_time_wait_timeout_sec": 120,
            "tcp_transitory_idle_timeout_sec": 30,
            "timeouts": null,
            "udp_idle_timeout_sec": 30
          },
          "sensitive_attributes": [],
          "identity_schema_version": 0,
          "private": "eyJlMmJmYjczMC1lY2FhLTExZTYtOGY4OC0zNDM2M2JjN2M0YzAiOnsiY3JlYXRlIjoxMjAwMDAwMDAwMDAwLCJkZWxldGUiOjEyMDAwMDAwMDAwMDAsInVwZGF0ZSI6MTIwMDAwMDAwMDAwMH19",
          "dependencies": [
            "google_compute_network.vpc_gke",
            "google_compute_router.router_gke"
          ]
        }
      ]
    },
    {
      "mode": "managed",
      "type": "google_compute_subnetwork",
      "name": "subnet_gke",
      "provider": "provider[\"registry.terraform.io/hashicorp/google\"]",
      "instances": [
        {
          "schema_version": 0,
          "attributes": {
            "creation_timestamp": "2025-10-27T07:09:24.032-07:00",
            "description": "",
            "external_ipv6_prefix": "",
            "fingerprint": null,
            "gateway_address": "10.10.0.1",
            "id": "projects/proven-mystery-473711-n3/regions/europe-west1/subnetworks/subnet-gke",
            "internal_ipv6_prefix": "",
            "ip_cidr_range": "10.10.0.0/24",
            "ipv6_access_type": "",
            "ipv6_cidr_range": "",
            "log_config": [],
            "name": "subnet-gke",
            "network": "https://www.googleapis.com/compute/v1/projects/proven-mystery-473711-n3/global/networks/vpc-gke",
            "private_ip_google_access": false,
            "private_ipv6_google_access": "DISABLE_GOOGLE_ACCESS",
            "project": "proven-mystery-473711-n3",
            "purpose": "PRIVATE",
            "region": "europe-west1",
            "role": "",
            "secondary_ip_range": [],
            "self_link": "https://www.googleapis.com/compute/v1/projects/proven-mystery-473711-n3/regions/europe-west1/subnetworks/subnet-gke",
            "send_secondary_ip_range_if_empty": null,
            "stack_type": "IPV4_ONLY",
            "timeouts": null
          },
          "sensitive_attributes": [],
          "identity_schema_version": 0,
          "private": "eyJlMmJmYjczMC1lY2FhLTExZTYtOGY4OC0zNDM2M2JjN2M0YzAiOnsiY3JlYXRlIjoxMjAwMDAwMDAwMDAwLCJkZWxldGUiOjEyMDAwMDAwMDAwMDAsInVwZGF0ZSI6MTIwMDAwMDAwMDAwMH19",
          "dependencies": [
            "google_compute_network.vpc_gke"
          ]
        }
      ]
    },
    {
      "mode": "managed",
      "type": "google_container_cluster",
      "name": "gke_cluster",
      "provider": "provider[\"registry.terraform.io/hashicorp/google\"]",
      "instances": [
        {
          "schema_version": 2,
          "attributes": {
            "addons_config": [
              {
                "cloudrun_config": [],
                "config_connector_config": [],
                "dns_cache_config": [],
                "gce_persistent_disk_csi_driver_config": [
                  {
                    "enabled": true
                  }
                ],
                "gcp_filestore_csi_driver_config": [],
                "gcs_fuse_csi_driver_config": [],
                "gke_backup_agent_config": [],
                "horizontal_pod_autoscaling": [],
                "http_load_balancing": [],
                "network_policy_config": [
                  {
                    "disabled": true
                  }
                ],
                "ray_operator_config": [],
                "stateful_ha_config": []
              }
            ],
            "allow_net_admin": null,
            "authenticator_groups_config": [],
            "binary_authorization": [
              {
                "enabled": false,
                "evaluation_mode": ""
              }
            ],
            "cluster_autoscaling": [
              {
                "auto_provisioning_defaults": [],
                "auto_provisioning_locations": [],
                "autoscaling_profile": "BALANCED",
                "enabled": false,
                "resource_limits": []
              }
            ],
            "cluster_ipv4_cidr": "10.96.0.0/14",
            "confidential_nodes": [],
            "cost_management_config": [],
            "database_encryption": [
              {
                "key_name": "",
                "state": "DECRYPTED"
              }
            ],
            "datapath_provider": "",
            "default_max_pods_per_node": 110,
            "default_snat_status": [
              {
                "disabled": false
              }
            ],
            "deletion_protection": false,
            "description": "",
            "dns_config": [],
            "enable_autopilot": false,
            "enable_cilium_clusterwide_network_policy": false,
            "enable_intranode_visibility": false,
            "enable_k8s_beta_apis": [],
            "enable_kubernetes_alpha": false,
            "enable_l4_ilb_subsetting": false,
            "enable_legacy_abac": false,
            "enable_multi_networking": false,
            "enable_shielded_nodes": true,
            "enable_tpu": false,
            "endpoint": "35.187.3.228",
            "fleet": [],
            "gateway_api_config": [],
            "id": "projects/proven-mystery-473711-n3/locations/europe-west1-b/clusters/gke-cluster",
            "identity_service_config": [],
            "initial_node_count": 1,
            "ip_allocation_policy": [
              {
                "additional_pod_ranges_config": [],
                "cluster_ipv4_cidr_block": "10.96.0.0/14",
                "cluster_secondary_range_name": "gke-gke-cluster-pods-d37b4a0f",
                "pod_cidr_overprovision_config": [
                  {
                    "disabled": false
                  }
                ],
                "services_ipv4_cidr_block": "34.118.224.0/20",
                "services_secondary_range_name": "",
                "stack_type": "IPV4"
              }
            ],
            "label_fingerprint": "a9dc16a7",
            "location": "europe-west1-b",
            "logging_config": [
              {
                "enable_components": [
                  "SYSTEM_COMPONENTS",
                  "WORKLOADS"
                ]
              }
            ],
            "logging_service": "logging.googleapis.com/kubernetes",
            "maintenance_policy": [],
            "master_auth": [
              {
                "client_certificate": "",
                "client_certificate_config": [
                  {
                    "issue_client_certificate": false
                  }
                ],
                "client_key": "",
                "cluster_ca_certificate": "LS0tLS1CRUdJTiBDRVJUSUZJQ0FURS0tLS0tCk1JSUVMVENDQXBXZ0F3SUJBZ0lSQVBYWUNkbjh3ZkhpZEx3NWFFSXZrRkV3RFFZSktvWklodmNOQVFFTEJRQXcKTHpFdE1Dc0dBMVVFQXhNa09ERTVNekF3TVRJdFpEWTNPQzAwTkRoaUxUbG1ZVFV0WmpCaE5XUXdNelZrWTJZMwpNQ0FYRFRJMU1UQXlOekV6TURrMU5Wb1lEekl3TlRVeE1ESXdNVFF3T1RVMVdqQXZNUzB3S3dZRFZRUURFeVE0Ck1Ua3pNREF4TWkxa05qYzRMVFEwT0dJdE9XWmhOUzFtTUdFMVpEQXpOV1JqWmpjd2dnR2lNQTBHQ1NxR1NJYjMKRFFFQkFRVUFBNElCandBd2dnR0tBb0lCZ1FDczAwZ280SFNkUForbDc4bTFIVDdnZG5SZTlGTnhWVGtsUTUvVQozN3g1c3lDR3RhY2VFd0lyVEpYcWlwZi9IcU5ZcjBOZGVibDdzK3BnV05udXJDaUZFV2RBcForTW9mNzFoU0o5ClA0NVd5ZVNnRUl2bDJsc0hxVUI4WlVNSi9JMnUzcjB5Ykp1VVdobnJZbE9RUUpqOHdpeC9UczZzWm1TcjJTNHUKa285amZyN0xzYmJpSGVINksxN3Rjdk4yblJiQVdlL3ptTUF1cTlMa25vRzRSUVZzYUZpb01WV0I0YStFc1AwRwo4U0lPeUtQa1B1K0tUeEdLV2M5T21jVEZsSU9qeEJsUEgwQUtOTTVvQlNFUmgwaDlHdW5wTm5vVGs5dWhROThvCllhZ0hqNktBUG84bVVvVWUrN1dBcU5kMmdVcDBsa24ralVFOWhLZzdlOGtjTC84UEY2ZSt3dzg5NG0zWFhIZnUKZ0Z0UER1bnF0aFp5SlJtQld0VWFmV1JJMVNPMjJEK0hyWXdCTDdRNWkxL0FBdjVQYzZLWUx2QUFlaTJGNWpUawpBdERNdmtQRXV2MGFPVis4YVF5eHU3VHcvSStaNEdub3RYSFhWaGxoL2pmeXdFSkp5NWJINHFpcUF6K3hlMW95CnFHeVlkM01yTitvbHhCbUFqRkk3UFdVaU5LRUNBd0VBQWFOQ01FQXdEZ1lEVlIwUEFRSC9CQVFEQWdJRU1BOEcKQTFVZEV3RUIvd1FGTUFNQkFmOHdIUVlEVlIwT0JCWUVGRVZMbDRtWFB4ZmhHQmFOK3RqNnFKcGVWeUxsTUEwRwpDU3FHU0liM0RRRUJDd1VBQTRJQmdRQWtTdjVQa0lIclBJaU96OG5lei9KRjhJL3RZT3BqYmRUZUNmaHI2QmJFCnE0cFZIR2F5NXlnaGZhcDVnMWJrOFNPb2JzREJPN2JpbE1BeXJNUDFOdHNjWVZCSHhHbjRpNGNKWTgvWFBXUUwKT3gzcGYvbEt2dWNKVnRRVFQ2Ui8vTzhEelRFMkpXUCtRZnQ4T2JyUDNLdEtEYWhqcGdYMlE1eFpQL2kxYmxzQwpHTDJlSTlVK2hLblhJSDNsRFAzam94VVM4R2hCc3NFRFUvOWV6R3ZaMmV0cW9yYkM3RXdmV01yNDBsVFhSZmRJCmtLUEZ2RHE1MS93Ulp3T3lmN3EwbUJ1WFBIODNCTEFvRWxXWTNsNi9rdDF4alVLKzFtQS9NSUNNOFVsaVR5bVcKdStBYzY0NE1RNDhpam80RjBrTm40dXhWRzViUzBDbUtibm5rWUFkZmtTNC95Wkp6L2tnam10WUl3b3NXTXJBWgpZM1R5RVJ0LzZYVUNpcWt3UjNZMXNHQTFXOHRET2NUZFp2cVJHQ0VMMjR1TVY5bmtwZVlIVERGQjZwa2ZmdFl5Ck1HLzFIZWtCK3VyVytnN0dzTW85TTZMTGdVcmhaaGFxMS96ZnM5ZjllTmNxb3Y3aDBGYXgwcUJUNjlRemxwUTQKT09GL0lnMUI1akNxVWZ2aGp0K2dVTDg9Ci0tLS0tRU5EIENFUlRJRklDQVRFLS0tLS0K"
              }
            ],
            "master_authorized_networks_config": [],
            "master_version": "1.33.5-gke.1125000",
            "mesh_certificates": [],
            "min_master_version": null,
            "monitoring_config": [
              {
                "advanced_datapath_observability_config": [
                  {
                    "enable_metrics": false,
                    "enable_relay": false,
                    "relay_mode": "DISABLED"
                  }
                ],
                "enable_components": [
                  "SYSTEM_COMPONENTS",
                  "POD",
                  "DAEMONSET",
                  "DEPLOYMENT",
                  "STATEFULSET",
                  "JOBSET",
                  "STORAGE",
                  "HPA",
                  "CADVISOR",
                  "KUBELET",
                  "DCGM"
                ],
                "managed_prometheus": [
                  {
                    "enabled": true
                  }
                ]
              }
            ],
            "monitoring_service": "monitoring.googleapis.com/kubernetes",
            "name": "gke-cluster",
            "network": "projects/proven-mystery-473711-n3/global/networks/vpc-gke",
            "network_policy": [
              {
                "enabled": false,
                "provider": "PROVIDER_UNSPECIFIED"
              }
            ],
            "networking_mode": "VPC_NATIVE",
            "node_config": [],
            "node_locations": [],
            "node_pool": [],
            "node_pool_auto_config": [
              {
                "network_tags": [],
                "node_kubelet_config": [
                  {
                    "insecure_kubelet_readonly_port_enabled": "FALSE"
                  }
                ],
                "resource_manager_tags": {}
              }
            ],
            "node_pool_defaults": [
              {
                "node_config_defaults": [
                  {
                    "containerd_config": [],
                    "insecure_kubelet_readonly_port_enabled": "FALSE",
                    "logging_variant": "DEFAULT"
                  }
                ]
              }
            ],
            "node_version": "1.33.5-gke.1125000",
            "notification_config": [
              {
                "pubsub": [
                  {
                    "enabled": false,
                    "filter": [],
                    "topic": ""
                  }
                ]
              }
            ],
            "operation": null,
            "private_cluster_config": [
              {
                "enable_private_endpoint": false,
                "enable_private_nodes": false,
                "master_global_access_config": [
                  {
                    "enabled": false
                  }
                ],
                "master_ipv4_cidr_block": "",
                "peering_name": "",
                "private_endpoint": "10.10.0.2",
                "private_endpoint_subnetwork": "",
                "public_endpoint": "35.187.3.228"
              }
            ],
            "private_ipv6_google_access": "",
            "project": "proven-mystery-473711-n3",
            "release_channel": [
              {
                "channel": "REGULAR"
              }
            ],
            "remove_default_node_pool": true,
            "resource_labels": null,
            "resource_usage_export_config": [],
            "security_posture_config": [
              {
                "mode": "BASIC",
                "vulnerability_mode": "VULNERABILITY_MODE_UNSPECIFIED"
              }
            ],
            "self_link": "https://container.googleapis.com/v1/projects/proven-mystery-473711-n3/zones/europe-west1-b/clusters/gke-cluster",
            "service_external_ips_config": [
              {
                "enabled": false
              }
            ],
            "services_ipv4_cidr": "34.118.224.0/20",
            "subnetwork": "projects/proven-mystery-473711-n3/regions/europe-west1/subnetworks/subnet-gke",
            "timeouts": null,
            "tpu_ipv4_cidr_block": "",
            "vertical_pod_autoscaling": [],
            "workload_identity_config": []
          },
          "sensitive_attributes": [
            [
              {
                "type": "get_attr",
                "value": "master_auth"
              },
              {
                "type": "index",
                "value": {
                  "value": 0,
                  "type": "number"
                }
              },
              {
                "type": "get_attr",
                "value": "client_key"
              }
            ]
          ],
          "identity_schema_version": 0,
          "private": "eyJlMmJmYjczMC1lY2FhLTExZTYtOGY4OC0zNDM2M2JjN2M0YzAiOnsiY3JlYXRlIjoyNDAwMDAwMDAwMDAwLCJkZWxldGUiOjI0MDAwMDAwMDAwMDAsInJlYWQiOjI0MDAwMDAwMDAwMDAsInVwZGF0ZSI6MzYwMDAwMDAwMDAwMH0sInNjaGVtYV92ZXJzaW9uIjoiMiJ9",
          "dependencies": [
            "google_compute_network.vpc_gke",
            "google_compute_subnetwork.subnet_gke"
          ]
        }
      ]
    },
    {
      "mode": "managed",
      "type": "google_container_node_pool",
      "name": "node_pool",
      "provider": "provider[\"registry.terraform.io/hashicorp/google\"]",
      "instances": [
        {
          "schema_version": 1,
          "attributes": {
            "autoscaling": [
              {
                "location_policy": "BALANCED",
                "max_node_count": 30,
                "min_node_count": 0,
                "total_max_node_count": 0,
                "total_min_node_count": 0
              }
            ],
            "cluster": "gke-cluster",
            "id": "projects/proven-mystery-473711-n3/locations/europe-west1-b/clusters/gke-cluster/nodePools/node-pool",
            "initial_node_count": 1,
            "instance_group_urls": [
              "https://www.googleapis.com/compute/v1/projects/proven-mystery-473711-n3/zones/europe-west1-b/instanceGroupManagers/gke-gke-cluster-node-pool-b6645d13-grp"
            ],
            "location": "europe-west1-b",
            "managed_instance_group_urls": [
              "https://www.googleapis.com/compute/v1/projects/proven-mystery-473711-n3/zones/europe-west1-b/instanceGroups/gke-gke-cluster-node-pool-b6645d13-grp"
            ],
            "management": [
              {
                "auto_repair": true,
                "auto_upgrade": true
              }
            ],
            "max_pods_per_node": 110,
            "name": "node-pool",
            "name_prefix": "",
            "network_config": [
              {
                "additional_node_network_configs": [],
                "additional_pod_network_configs": [],
                "create_pod_range": false,
                "enable_private_nodes": false,
                "network_performance_config": [],
                "pod_cidr_overprovision_config": [],
                "pod_ipv4_cidr_block": "10.96.0.0/14",
                "pod_range": "gke-gke-cluster-pods-d37b4a0f"
              }
            ],
            "node_config": [
              {
                "advanced_machine_features": [],
                "boot_disk_kms_key": "",
                "confidential_nodes": [],
                "containerd_config": [],
                "disk_size_gb": 100,
                "disk_type": "pd-balanced",
                "effective_taints": [],
                "enable_confidential_storage": false,
                "ephemeral_storage_local_ssd_config": [],
                "fast_socket": [],
                "gcfs_config": [],
                "guest_accelerator": [],
                "gvnic": [],
                "host_maintenance_policy": [],
                "image_type": "COS_CONTAINERD",
                "kubelet_config": [
                  {
                    "cpu_cfs_quota": false,
                    "cpu_cfs_quota_period": "",
                    "cpu_manager_policy": "",
                    "insecure_kubelet_readonly_port_enabled": "FALSE",
                    "pod_pids_limit": 0
                  }
                ],
                "labels": {},
                "linux_node_config": [],
                "local_nvme_ssd_block_config": [],
                "local_ssd_count": 0,
                "logging_variant": "DEFAULT",
                "machine_type": "e2-medium",
                "metadata": {
                  "disable-legacy-endpoints": "true"
                },
                "min_cpu_platform": "",
                "node_group": "",
                "oauth_scopes": [
                  "https://www.googleapis.com/auth/cloud-platform"
                ],
                "preemptible": false,
                "reservation_affinity": [],
                "resource_labels": {
                  "goog-gke-node-pool-provisioning-model": "on-demand"
                },
                "resource_manager_tags": null,
                "secondary_boot_disks": [],
                "service_account": "default",
                "shielded_instance_config": [
                  {
                    "enable_integrity_monitoring": true,
                    "enable_secure_boot": false
                  }
                ],
                "sole_tenant_config": [],
                "spot": false,
                "tags": null,
                "taint": [],
                "workload_metadata_config": []
              }
            ],
            "node_count": 1,
            "node_locations": [
              "europe-west1-b"
            ],
            "operation": null,
            "placement_policy": [],
            "project": "proven-mystery-473711-n3",
            "queued_provisioning": [],
            "timeouts": null,
            "upgrade_settings": [
              {
                "blue_green_settings": [],
                "max_surge": 1,
                "max_unavailable": 0,
                "strategy": "SURGE"
              }
            ],
            "version": "1.33.5-gke.1125000"
          },
          "sensitive_attributes": [],
          "identity_schema_version": 0,
          "private": "eyJlMmJmYjczMC1lY2FhLTExZTYtOGY4OC0zNDM2M2JjN2M0YzAiOnsiY3JlYXRlIjoxODAwMDAwMDAwMDAwLCJkZWxldGUiOjE4MDAwMDAwMDAwMDAsInVwZGF0ZSI6MTgwMDAwMDAwMDAwMH0sInNjaGVtYV92ZXJzaW9uIjoiMSJ9",
          "dependencies": [
            "google_compute_network.vpc_gke",
            "google_compute_subnetwork.subnet_gke",
            "google_container_cluster.gke_cluster"
          ]
        }
      ]
    }
  ],
  "check_results": null
}
