{
  "version": 4,
  "terraform_version": "1.13.4",
  "serial": 136,
  "lineage": "530bf12d-993d-e982-1053-016dd8e1fe0d",
  "outputs": {
    "bastion_external_ip": {
      "value": "104.199.107.191",
      "type": "string"
    },
    "bastion_internal_ip": {
      "value": "10.0.1.2",
      "type": "string"
    },
    "cliente_internal_ip": {
      "value": "10.0.2.3",
      "type": "string"
    },
    "servidor_internal_ip": {
      "value": "10.0.2.2",
      "type": "string"
    }
  },
  "resources": [
    {
      "mode": "managed",
      "type": "google_compute_firewall",
      "name": "allow_internal_private",
      "provider": "provider[\"registry.terraform.io/hashicorp/google\"]",
      "instances": [
        {
          "schema_version": 1,
          "attributes": {
            "allow": [
              {
                "ports": [],
                "protocol": "all"
              }
            ],
            "creation_timestamp": "2025-10-25T04:55:14.484-07:00",
            "deny": [],
            "description": "",
            "destination_ranges": [],
            "direction": "INGRESS",
            "disabled": false,
            "enable_logging": null,
            "id": "projects/proven-mystery-473711-n3/global/firewalls/allow-internal-private",
            "log_config": [],
            "name": "allow-internal-private",
            "network": "https://www.googleapis.com/compute/v1/projects/proven-mystery-473711-n3/global/networks/vpc-principal",
            "priority": 1000,
            "project": "proven-mystery-473711-n3",
            "self_link": "https://www.googleapis.com/compute/v1/projects/proven-mystery-473711-n3/global/firewalls/allow-internal-private",
            "source_ranges": [
              "10.0.2.0/24"
            ],
            "source_service_accounts": null,
            "source_tags": null,
            "target_service_accounts": null,
            "target_tags": [
              "privada"
            ],
            "timeouts": null
          },
          "sensitive_attributes": [],
          "identity_schema_version": 0,
          "private": "eyJlMmJmYjczMC1lY2FhLTExZTYtOGY4OC0zNDM2M2JjN2M0YzAiOnsiY3JlYXRlIjoxMjAwMDAwMDAwMDAwLCJkZWxldGUiOjEyMDAwMDAwMDAwMDAsInVwZGF0ZSI6MTIwMDAwMDAwMDAwMH0sInNjaGVtYV92ZXJzaW9uIjoiMSJ9",
          "dependencies": [
            "google_compute_network.vpc_principal"
          ]
        }
      ]
    },
    {
      "mode": "managed",
      "type": "google_compute_firewall",
      "name": "allow_ssh_from_bastion",
      "provider": "provider[\"registry.terraform.io/hashicorp/google\"]",
      "instances": [
        {
          "schema_version": 1,
          "attributes": {
            "allow": [
              {
                "ports": [
                  "22"
                ],
                "protocol": "tcp"
              }
            ],
            "creation_timestamp": "2025-10-25T04:55:14.790-07:00",
            "deny": [],
            "description": "",
            "destination_ranges": [],
            "direction": "INGRESS",
            "disabled": false,
            "enable_logging": null,
            "id": "projects/proven-mystery-473711-n3/global/firewalls/allow-ssh-from-bastion",
            "log_config": [],
            "name": "allow-ssh-from-bastion",
            "network": "https://www.googleapis.com/compute/v1/projects/proven-mystery-473711-n3/global/networks/vpc-principal",
            "priority": 1000,
            "project": "proven-mystery-473711-n3",
            "self_link": "https://www.googleapis.com/compute/v1/projects/proven-mystery-473711-n3/global/firewalls/allow-ssh-from-bastion",
            "source_ranges": [
              "10.0.1.0/24"
            ],
            "source_service_accounts": null,
            "source_tags": null,
            "target_service_accounts": null,
            "target_tags": [
              "privada"
            ],
            "timeouts": null
          },
          "sensitive_attributes": [],
          "identity_schema_version": 0,
          "private": "eyJlMmJmYjczMC1lY2FhLTExZTYtOGY4OC0zNDM2M2JjN2M0YzAiOnsiY3JlYXRlIjoxMjAwMDAwMDAwMDAwLCJkZWxldGUiOjEyMDAwMDAwMDAwMDAsInVwZGF0ZSI6MTIwMDAwMDAwMDAwMH0sInNjaGVtYV92ZXJzaW9uIjoiMSJ9",
          "dependencies": [
            "google_compute_network.vpc_principal"
          ]
        }
      ]
    },
    {
      "mode": "managed",
      "type": "google_compute_firewall",
      "name": "allow_ssh_public",
      "provider": "provider[\"registry.terraform.io/hashicorp/google\"]",
      "instances": [
        {
          "schema_version": 1,
          "attributes": {
            "allow": [
              {
                "ports": [
                  "22"
                ],
                "protocol": "tcp"
              }
            ],
            "creation_timestamp": "2025-10-25T04:55:14.971-07:00",
            "deny": [],
            "description": "",
            "destination_ranges": [],
            "direction": "INGRESS",
            "disabled": false,
            "enable_logging": null,
            "id": "projects/proven-mystery-473711-n3/global/firewalls/allow-ssh-public",
            "log_config": [],
            "name": "allow-ssh-public",
            "network": "https://www.googleapis.com/compute/v1/projects/proven-mystery-473711-n3/global/networks/vpc-principal",
            "priority": 1000,
            "project": "proven-mystery-473711-n3",
            "self_link": "https://www.googleapis.com/compute/v1/projects/proven-mystery-473711-n3/global/firewalls/allow-ssh-public",
            "source_ranges": [
              "0.0.0.0/0"
            ],
            "source_service_accounts": null,
            "source_tags": null,
            "target_service_accounts": null,
            "target_tags": [
              "bastion"
            ],
            "timeouts": null
          },
          "sensitive_attributes": [],
          "identity_schema_version": 0,
          "private": "eyJlMmJmYjczMC1lY2FhLTExZTYtOGY4OC0zNDM2M2JjN2M0YzAiOnsiY3JlYXRlIjoxMjAwMDAwMDAwMDAwLCJkZWxldGUiOjEyMDAwMDAwMDAwMDAsInVwZGF0ZSI6MTIwMDAwMDAwMDAwMH0sInNjaGVtYV92ZXJzaW9uIjoiMSJ9",
          "dependencies": [
            "google_compute_network.vpc_principal"
          ]
        }
      ]
    },
    {
      "mode": "managed",
      "type": "google_compute_instance",
      "name": "bastion",
      "provider": "provider[\"registry.terraform.io/hashicorp/google\"]",
      "instances": [
        {
          "schema_version": 6,
          "attributes": {
            "advanced_machine_features": [],
            "allow_stopping_for_update": null,
            "attached_disk": [],
            "boot_disk": [
              {
                "auto_delete": true,
                "device_name": "persistent-disk-0",
                "disk_encryption_key_raw": "",
                "disk_encryption_key_sha256": "",
                "initialize_params": [
                  {
                    "enable_confidential_compute": false,
                    "image": "https://www.googleapis.com/compute/v1/projects/debian-cloud/global/images/debian-12-bookworm-v20251014",
                    "labels": {},
                    "provisioned_iops": 0,
                    "provisioned_throughput": 0,
                    "resource_manager_tags": null,
                    "size": 10,
                    "storage_pool": "",
                    "type": "pd-standard"
                  }
                ],
                "kms_key_self_link": "",
                "mode": "READ_WRITE",
                "source": "https://www.googleapis.com/compute/v1/projects/proven-mystery-473711-n3/zones/europe-west1-b/disks/vm-bastion"
              }
            ],
            "can_ip_forward": false,
            "confidential_instance_config": [],
            "cpu_platform": "Intel Broadwell",
            "current_status": "RUNNING",
            "deletion_protection": false,
            "description": "",
            "desired_status": null,
            "effective_labels": {},
            "enable_display": false,
            "guest_accelerator": [],
            "hostname": "",
            "id": "projects/proven-mystery-473711-n3/zones/europe-west1-b/instances/vm-bastion",
            "instance_id": "2906726151211779117",
            "label_fingerprint": "42WmSpB8rSM=",
            "labels": null,
            "machine_type": "e2-micro",
            "metadata": {
              "ssh-keys": "macale:ssh-rsa AAAAB3NzaC1yc2EAAAADAQABAAACAQDQW3hODvTHK138k8UdfMz3bfS7PQb1PuU+gnWQjOHD5eML+YAbRNNoQxUTOkMQ7zzxz/96skpicz7PHXADnlbmZYuQ6wY+dmfRDRJcFa5U563k0DSUioFDwkK2Z1HjHHJVTenQHj/r+OfGSQ8Xe0sPFNzCY4cUO2xuD6cAccX8QIKt1YWkc/AhYsNYB3vUL/ci10nWUUtDokqH+ad6VRC9B/JO3WQDkcKfSc0aMunJmwruuROMMDtJqrKzMqbNZGHz/ym92KMaheP3EE9OfJaA1Zlg3feU0iceb37lJgH2KtjbFwkIZ0N9N46rqGroF8hfXxbBLvJPgYCjYouV2VVexgkUHvAzdmyRPhyfUmL+eUmhfcEmUZZ+WgpBz56SxtXf/R2vW0DodoN/JZSFnhlT7Gj8xHOiovKgrTcN78F/+c0KqKpRaDZNl4VXkp0LvGEwqyAu4wYc09TZmj/5TPLwNEMWIRmzM9Pf0TtcVK68SU/vZwzSEYcmf1hCoEJEO0qJdvDM+TAy644fesYQVcG1AH1ahWPC7hyPz54Jw0PIZpMTL4NMjzcBX32Nk/aji5GWRQM/6Q+Qkw5WK+HuIwv9EnElsSSvqYn1hYVCZc3v6gnqIr8I9Hm8X9umbmc6BR8jj9EifmUupZvMfk9OjlJaXLtxen9Eh8xoGyv7hLr0uQ== macale@debian\n"
            },
            "metadata_fingerprint": "lq5hwPOwq5o=",
            "metadata_startup_script": null,
            "min_cpu_platform": "",
            "name": "vm-bastion",
            "network_interface": [
              {
                "access_config": [
                  {
                    "nat_ip": "104.199.107.191",
                    "network_tier": "PREMIUM",
                    "public_ptr_domain_name": ""
                  }
                ],
                "alias_ip_range": [],
                "internal_ipv6_prefix_length": 0,
                "ipv6_access_config": [],
                "ipv6_access_type": "",
                "ipv6_address": "",
                "name": "nic0",
                "network": "https://www.googleapis.com/compute/v1/projects/proven-mystery-473711-n3/global/networks/vpc-principal",
                "network_ip": "10.0.1.2",
                "nic_type": "",
                "queue_count": 0,
                "stack_type": "IPV4_ONLY",
                "subnetwork": "https://www.googleapis.com/compute/v1/projects/proven-mystery-473711-n3/regions/europe-west1/subnetworks/subred-publica",
                "subnetwork_project": "proven-mystery-473711-n3"
              }
            ],
            "network_performance_config": [],
            "params": [],
            "project": "proven-mystery-473711-n3",
            "reservation_affinity": [],
            "resource_policies": null,
            "scheduling": [
              {
                "automatic_restart": true,
                "instance_termination_action": "",
                "local_ssd_recovery_timeout": [],
                "max_run_duration": [],
                "min_node_cpus": 0,
                "node_affinities": [],
                "on_host_maintenance": "MIGRATE",
                "on_instance_stop_action": [],
                "preemptible": false,
                "provisioning_model": "STANDARD"
              }
            ],
            "scratch_disk": [],
            "self_link": "https://www.googleapis.com/compute/v1/projects/proven-mystery-473711-n3/zones/europe-west1-b/instances/vm-bastion",
            "service_account": [],
            "shielded_instance_config": [
              {
                "enable_integrity_monitoring": true,
                "enable_secure_boot": false,
                "enable_vtpm": true
              }
            ],
            "tags": [
              "bastion"
            ],
            "tags_fingerprint": "NfTTNVh6sLU=",
            "terraform_labels": {},
            "timeouts": null,
            "zone": "europe-west1-b"
          },
          "sensitive_attributes": [
            [
              {
                "type": "get_attr",
                "value": "boot_disk"
              },
              {
                "type": "index",
                "value": {
                  "value": 0,
                  "type": "number"
                }
              },
              {
                "type": "get_attr",
                "value": "disk_encryption_key_raw"
              }
            ]
          ],
          "identity_schema_version": 0,
          "private": "eyJlMmJmYjczMC1lY2FhLTExZTYtOGY4OC0zNDM2M2JjN2M0YzAiOnsiY3JlYXRlIjoxMjAwMDAwMDAwMDAwLCJkZWxldGUiOjEyMDAwMDAwMDAwMDAsInVwZGF0ZSI6MTIwMDAwMDAwMDAwMH0sInNjaGVtYV92ZXJzaW9uIjoiNiJ9",
          "dependencies": [
            "google_compute_network.vpc_principal",
            "google_compute_subnetwork.subred_publica"
          ]
        }
      ]
    },
    {
      "mode": "managed",
      "type": "google_compute_instance",
      "name": "cliente",
      "provider": "provider[\"registry.terraform.io/hashicorp/google\"]",
      "instances": [
        {
          "schema_version": 6,
          "attributes": {
            "advanced_machine_features": [],
            "allow_stopping_for_update": null,
            "attached_disk": [],
            "boot_disk": [
              {
                "auto_delete": true,
                "device_name": "persistent-disk-0",
                "disk_encryption_key_raw": "",
                "disk_encryption_key_sha256": "",
                "initialize_params": [
                  {
                    "enable_confidential_compute": false,
                    "image": "https://www.googleapis.com/compute/v1/projects/debian-cloud/global/images/debian-12-bookworm-v20251014",
                    "labels": {},
                    "provisioned_iops": 0,
                    "provisioned_throughput": 0,
                    "resource_manager_tags": null,
                    "size": 10,
                    "storage_pool": "",
                    "type": "pd-standard"
                  }
                ],
                "kms_key_self_link": "",
                "mode": "READ_WRITE",
                "source": "https://www.googleapis.com/compute/v1/projects/proven-mystery-473711-n3/zones/europe-west1-b/disks/vm-cliente"
              }
            ],
            "can_ip_forward": false,
            "confidential_instance_config": [],
            "cpu_platform": "Intel Broadwell",
            "current_status": "RUNNING",
            "deletion_protection": false,
            "description": "",
            "desired_status": null,
            "effective_labels": {},
            "enable_display": false,
            "guest_accelerator": [],
            "hostname": "",
            "id": "projects/proven-mystery-473711-n3/zones/europe-west1-b/instances/vm-cliente",
            "instance_id": "8099253505116668961",
            "label_fingerprint": "42WmSpB8rSM=",
            "labels": null,
            "machine_type": "e2-micro",
            "metadata": {
              "ssh-keys": "macale:ssh-rsa AAAAB3NzaC1yc2EAAAADAQABAAACAQDQW3hODvTHK138k8UdfMz3bfS7PQb1PuU+gnWQjOHD5eML+YAbRNNoQxUTOkMQ7zzxz/96skpicz7PHXADnlbmZYuQ6wY+dmfRDRJcFa5U563k0DSUioFDwkK2Z1HjHHJVTenQHj/r+OfGSQ8Xe0sPFNzCY4cUO2xuD6cAccX8QIKt1YWkc/AhYsNYB3vUL/ci10nWUUtDokqH+ad6VRC9B/JO3WQDkcKfSc0aMunJmwruuROMMDtJqrKzMqbNZGHz/ym92KMaheP3EE9OfJaA1Zlg3feU0iceb37lJgH2KtjbFwkIZ0N9N46rqGroF8hfXxbBLvJPgYCjYouV2VVexgkUHvAzdmyRPhyfUmL+eUmhfcEmUZZ+WgpBz56SxtXf/R2vW0DodoN/JZSFnhlT7Gj8xHOiovKgrTcN78F/+c0KqKpRaDZNl4VXkp0LvGEwqyAu4wYc09TZmj/5TPLwNEMWIRmzM9Pf0TtcVK68SU/vZwzSEYcmf1hCoEJEO0qJdvDM+TAy644fesYQVcG1AH1ahWPC7hyPz54Jw0PIZpMTL4NMjzcBX32Nk/aji5GWRQM/6Q+Qkw5WK+HuIwv9EnElsSSvqYn1hYVCZc3v6gnqIr8I9Hm8X9umbmc6BR8jj9EifmUupZvMfk9OjlJaXLtxen9Eh8xoGyv7hLr0uQ== macale@debian\n",
              "startup-script": "#!/bin/bash\n# === Script de inicialización del cliente PostgreSQL ===\nLOGFILE=\"/var/log/startup-cliente.log\"\nexec \u003e \u003e(tee -a \"$LOGFILE\") 2\u003e\u00261\n\necho \"==== [$(date)] Iniciando cliente PostgreSQL ====\"\n\napt-get update -y\napt-get install -y postgresql-client\n\necho \"Esperando a que el servidor PostgreSQL (10.0.2.2) esté disponible...\"\n\n# Esperar hasta que el servidor acepte conexiones\nwhile ! pg_isready -h \"10.0.2.2\" -p 5432 -U usuario1 \u003e /dev/null 2\u003e\u00261; do\n    echo \"Servidor aún no disponible, reintentando en 5 segundos...\"\n    sleep 5\ndone\n\n# Una vez disponible, probar conexión\necho \"Servidor disponible, probando conexión...\"\nif PGPASSWORD=\"usuario\" psql -h \"10.0.2.2\" -U usuario1 -d prueba -c \"\\q\" \u003e /dev/null 2\u003e\u00261; then\n    echo \"✅ Conexión exitosa al servidor PostgreSQL en 10.0.2.2\"\nelse\n    echo \"❌ Error al conectar con el servidor PostgreSQL en 10.0.2.2\"\nfi\n\necho \"==== [$(date)] Script completado ====\"\n"
            },
            "metadata_fingerprint": "j4auQTu0IMI=",
            "metadata_startup_script": null,
            "min_cpu_platform": "",
            "name": "vm-cliente",
            "network_interface": [
              {
                "access_config": [],
                "alias_ip_range": [],
                "internal_ipv6_prefix_length": 0,
                "ipv6_access_config": [],
                "ipv6_access_type": "",
                "ipv6_address": "",
                "name": "nic0",
                "network": "https://www.googleapis.com/compute/v1/projects/proven-mystery-473711-n3/global/networks/vpc-principal",
                "network_ip": "10.0.2.3",
                "nic_type": "",
                "queue_count": 0,
                "stack_type": "IPV4_ONLY",
                "subnetwork": "https://www.googleapis.com/compute/v1/projects/proven-mystery-473711-n3/regions/europe-west1/subnetworks/subred-privada",
                "subnetwork_project": "proven-mystery-473711-n3"
              }
            ],
            "network_performance_config": [],
            "params": [],
            "project": "proven-mystery-473711-n3",
            "reservation_affinity": [],
            "resource_policies": null,
            "scheduling": [
              {
                "automatic_restart": true,
                "instance_termination_action": "",
                "local_ssd_recovery_timeout": [],
                "max_run_duration": [],
                "min_node_cpus": 0,
                "node_affinities": [],
                "on_host_maintenance": "MIGRATE",
                "on_instance_stop_action": [],
                "preemptible": false,
                "provisioning_model": "STANDARD"
              }
            ],
            "scratch_disk": [],
            "self_link": "https://www.googleapis.com/compute/v1/projects/proven-mystery-473711-n3/zones/europe-west1-b/instances/vm-cliente",
            "service_account": [],
            "shielded_instance_config": [
              {
                "enable_integrity_monitoring": true,
                "enable_secure_boot": false,
                "enable_vtpm": true
              }
            ],
            "tags": [
              "privada"
            ],
            "tags_fingerprint": "QUTFGf-VgI0=",
            "terraform_labels": {},
            "timeouts": null,
            "zone": "europe-west1-b"
          },
          "sensitive_attributes": [
            [
              {
                "type": "get_attr",
                "value": "boot_disk"
              },
              {
                "type": "index",
                "value": {
                  "value": 0,
                  "type": "number"
                }
              },
              {
                "type": "get_attr",
                "value": "disk_encryption_key_raw"
              }
            ]
          ],
          "identity_schema_version": 0,
          "private": "eyJlMmJmYjczMC1lY2FhLTExZTYtOGY4OC0zNDM2M2JjN2M0YzAiOnsiY3JlYXRlIjoxMjAwMDAwMDAwMDAwLCJkZWxldGUiOjEyMDAwMDAwMDAwMDAsInVwZGF0ZSI6MTIwMDAwMDAwMDAwMH0sInNjaGVtYV92ZXJzaW9uIjoiNiJ9",
          "dependencies": [
            "google_compute_instance.servidor",
            "google_compute_network.vpc_principal",
            "google_compute_subnetwork.subred_privada"
          ]
        }
      ]
    },
    {
      "mode": "managed",
      "type": "google_compute_instance",
      "name": "servidor",
      "provider": "provider[\"registry.terraform.io/hashicorp/google\"]",
      "instances": [
        {
          "schema_version": 6,
          "attributes": {
            "advanced_machine_features": [],
            "allow_stopping_for_update": null,
            "attached_disk": [],
            "boot_disk": [
              {
                "auto_delete": true,
                "device_name": "persistent-disk-0",
                "disk_encryption_key_raw": "",
                "disk_encryption_key_sha256": "",
                "initialize_params": [
                  {
                    "enable_confidential_compute": false,
                    "image": "https://www.googleapis.com/compute/v1/projects/debian-cloud/global/images/debian-12-bookworm-v20251014",
                    "labels": {},
                    "provisioned_iops": 0,
                    "provisioned_throughput": 0,
                    "resource_manager_tags": null,
                    "size": 10,
                    "storage_pool": "",
                    "type": "pd-standard"
                  }
                ],
                "kms_key_self_link": "",
                "mode": "READ_WRITE",
                "source": "https://www.googleapis.com/compute/v1/projects/proven-mystery-473711-n3/zones/europe-west1-b/disks/vm-servidor"
              }
            ],
            "can_ip_forward": false,
            "confidential_instance_config": [],
            "cpu_platform": "Intel Broadwell",
            "current_status": "RUNNING",
            "deletion_protection": false,
            "description": "",
            "desired_status": null,
            "effective_labels": {},
            "enable_display": false,
            "guest_accelerator": [],
            "hostname": "",
            "id": "projects/proven-mystery-473711-n3/zones/europe-west1-b/instances/vm-servidor",
            "instance_id": "2663354105716606039",
            "label_fingerprint": "42WmSpB8rSM=",
            "labels": null,
            "machine_type": "e2-micro",
            "metadata": {
              "ssh-keys": "macale:ssh-rsa AAAAB3NzaC1yc2EAAAADAQABAAACAQDQW3hODvTHK138k8UdfMz3bfS7PQb1PuU+gnWQjOHD5eML+YAbRNNoQxUTOkMQ7zzxz/96skpicz7PHXADnlbmZYuQ6wY+dmfRDRJcFa5U563k0DSUioFDwkK2Z1HjHHJVTenQHj/r+OfGSQ8Xe0sPFNzCY4cUO2xuD6cAccX8QIKt1YWkc/AhYsNYB3vUL/ci10nWUUtDokqH+ad6VRC9B/JO3WQDkcKfSc0aMunJmwruuROMMDtJqrKzMqbNZGHz/ym92KMaheP3EE9OfJaA1Zlg3feU0iceb37lJgH2KtjbFwkIZ0N9N46rqGroF8hfXxbBLvJPgYCjYouV2VVexgkUHvAzdmyRPhyfUmL+eUmhfcEmUZZ+WgpBz56SxtXf/R2vW0DodoN/JZSFnhlT7Gj8xHOiovKgrTcN78F/+c0KqKpRaDZNl4VXkp0LvGEwqyAu4wYc09TZmj/5TPLwNEMWIRmzM9Pf0TtcVK68SU/vZwzSEYcmf1hCoEJEO0qJdvDM+TAy644fesYQVcG1AH1ahWPC7hyPz54Jw0PIZpMTL4NMjzcBX32Nk/aji5GWRQM/6Q+Qkw5WK+HuIwv9EnElsSSvqYn1hYVCZc3v6gnqIr8I9Hm8X9umbmc6BR8jj9EifmUupZvMfk9OjlJaXLtxen9Eh8xoGyv7hLr0uQ== macale@debian\n",
              "startup-script": "#!/bin/bash\nLOGFILE=\"/var/log/startup-servidor.log\"\nexec \u003e \u003e(tee -a $LOGFILE) 2\u003e\u00261\nset -e\n\necho \"Configurando PostgreSQL...\"\n\napt-get update -y\napt-get install -y postgresql postgresql-contrib\n\nsudo -u postgres psql -c \"CREATE USER usuario1 WITH PASSWORD 'usuario';\"\nsudo -u postgres psql -c \"CREATE DATABASE prueba OWNER usuario1;\"\n\nPG_CONF=\"/etc/postgresql/15/main/postgresql.conf\"\nPG_HBA=\"/etc/postgresql/15/main/pg_hba.conf\"\n\n# Escuchar en todas las IP\nsed -i \"s/#listen_addresses = 'localhost'/listen_addresses = '*'/\" $PG_CONF\n\n# Permitir acceso desde la subred privada\necho \"host    all             all             10.0.2.0/24            md5\" \u003e\u003e $PG_HBA\n\nsystemctl restart postgresql\necho \"PostgreSQL listo y escuchando en todas las interfaces.\"\n"
            },
            "metadata_fingerprint": "LCVHhhb9XgI=",
            "metadata_startup_script": null,
            "min_cpu_platform": "",
            "name": "vm-servidor",
            "network_interface": [
              {
                "access_config": [],
                "alias_ip_range": [],
                "internal_ipv6_prefix_length": 0,
                "ipv6_access_config": [],
                "ipv6_access_type": "",
                "ipv6_address": "",
                "name": "nic0",
                "network": "https://www.googleapis.com/compute/v1/projects/proven-mystery-473711-n3/global/networks/vpc-principal",
                "network_ip": "10.0.2.2",
                "nic_type": "",
                "queue_count": 0,
                "stack_type": "IPV4_ONLY",
                "subnetwork": "https://www.googleapis.com/compute/v1/projects/proven-mystery-473711-n3/regions/europe-west1/subnetworks/subred-privada",
                "subnetwork_project": "proven-mystery-473711-n3"
              }
            ],
            "network_performance_config": [],
            "params": [],
            "project": "proven-mystery-473711-n3",
            "reservation_affinity": [],
            "resource_policies": null,
            "scheduling": [
              {
                "automatic_restart": true,
                "instance_termination_action": "",
                "local_ssd_recovery_timeout": [],
                "max_run_duration": [],
                "min_node_cpus": 0,
                "node_affinities": [],
                "on_host_maintenance": "MIGRATE",
                "on_instance_stop_action": [],
                "preemptible": false,
                "provisioning_model": "STANDARD"
              }
            ],
            "scratch_disk": [],
            "self_link": "https://www.googleapis.com/compute/v1/projects/proven-mystery-473711-n3/zones/europe-west1-b/instances/vm-servidor",
            "service_account": [],
            "shielded_instance_config": [
              {
                "enable_integrity_monitoring": true,
                "enable_secure_boot": false,
                "enable_vtpm": true
              }
            ],
            "tags": [
              "privada"
            ],
            "tags_fingerprint": "QUTFGf-VgI0=",
            "terraform_labels": {},
            "timeouts": null,
            "zone": "europe-west1-b"
          },
          "sensitive_attributes": [
            [
              {
                "type": "get_attr",
                "value": "boot_disk"
              },
              {
                "type": "index",
                "value": {
                  "value": 0,
                  "type": "number"
                }
              },
              {
                "type": "get_attr",
                "value": "disk_encryption_key_raw"
              }
            ]
          ],
          "identity_schema_version": 0,
          "private": "eyJlMmJmYjczMC1lY2FhLTExZTYtOGY4OC0zNDM2M2JjN2M0YzAiOnsiY3JlYXRlIjoxMjAwMDAwMDAwMDAwLCJkZWxldGUiOjEyMDAwMDAwMDAwMDAsInVwZGF0ZSI6MTIwMDAwMDAwMDAwMH0sInNjaGVtYV92ZXJzaW9uIjoiNiJ9",
          "dependencies": [
            "google_compute_network.vpc_principal",
            "google_compute_subnetwork.subred_privada"
          ]
        }
      ]
    },
    {
      "mode": "managed",
      "type": "google_compute_network",
      "name": "vpc_principal",
      "provider": "provider[\"registry.terraform.io/hashicorp/google\"]",
      "instances": [
        {
          "schema_version": 0,
          "attributes": {
            "auto_create_subnetworks": false,
            "delete_default_routes_on_create": false,
            "description": "",
            "enable_ula_internal_ipv6": false,
            "gateway_ipv4": "",
            "id": "projects/proven-mystery-473711-n3/global/networks/vpc-principal",
            "internal_ipv6_range": "",
            "mtu": 0,
            "name": "vpc-principal",
            "network_firewall_policy_enforcement_order": "AFTER_CLASSIC_FIREWALL",
            "numeric_id": "7596472590358611043",
            "project": "proven-mystery-473711-n3",
            "routing_mode": "REGIONAL",
            "self_link": "https://www.googleapis.com/compute/v1/projects/proven-mystery-473711-n3/global/networks/vpc-principal",
            "timeouts": null
          },
          "sensitive_attributes": [],
          "identity_schema_version": 0,
          "private": "eyJlMmJmYjczMC1lY2FhLTExZTYtOGY4OC0zNDM2M2JjN2M0YzAiOnsiY3JlYXRlIjoxMjAwMDAwMDAwMDAwLCJkZWxldGUiOjEyMDAwMDAwMDAwMDAsInVwZGF0ZSI6MTIwMDAwMDAwMDAwMH19"
        }
      ]
    },
    {
      "mode": "managed",
      "type": "google_compute_router",
      "name": "router",
      "provider": "provider[\"registry.terraform.io/hashicorp/google\"]",
      "instances": [
        {
          "schema_version": 0,
          "attributes": {
            "bgp": [],
            "creation_timestamp": "2025-10-25T04:55:14.448-07:00",
            "description": "",
            "encrypted_interconnect_router": false,
            "id": "projects/proven-mystery-473711-n3/regions/europe-west1/routers/vpc-router",
            "name": "vpc-router",
            "network": "https://www.googleapis.com/compute/v1/projects/proven-mystery-473711-n3/global/networks/vpc-principal",
            "project": "proven-mystery-473711-n3",
            "region": "europe-west1",
            "self_link": "https://www.googleapis.com/compute/v1/projects/proven-mystery-473711-n3/regions/europe-west1/routers/vpc-router",
            "timeouts": null
          },
          "sensitive_attributes": [],
          "identity_schema_version": 0,
          "private": "eyJlMmJmYjczMC1lY2FhLTExZTYtOGY4OC0zNDM2M2JjN2M0YzAiOnsiY3JlYXRlIjoxMjAwMDAwMDAwMDAwLCJkZWxldGUiOjEyMDAwMDAwMDAwMDAsInVwZGF0ZSI6MTIwMDAwMDAwMDAwMH19",
          "dependencies": [
            "google_compute_network.vpc_principal"
          ]
        }
      ]
    },
    {
      "mode": "managed",
      "type": "google_compute_router_nat",
      "name": "nat",
      "provider": "provider[\"registry.terraform.io/hashicorp/google\"]",
      "instances": [
        {
          "schema_version": 0,
          "attributes": {
            "auto_network_tier": "PREMIUM",
            "drain_nat_ips": null,
            "enable_dynamic_port_allocation": false,
            "enable_endpoint_independent_mapping": false,
            "endpoint_types": [
              "ENDPOINT_TYPE_VM"
            ],
            "icmp_idle_timeout_sec": 30,
            "id": "proven-mystery-473711-n3/europe-west1/vpc-router/vpc-nat",
            "log_config": [],
            "max_ports_per_vm": 0,
            "min_ports_per_vm": 0,
            "name": "vpc-nat",
            "nat_ip_allocate_option": "AUTO_ONLY",
            "nat_ips": null,
            "project": "proven-mystery-473711-n3",
            "region": "europe-west1",
            "router": "vpc-router",
            "rules": [],
            "source_subnetwork_ip_ranges_to_nat": "ALL_SUBNETWORKS_ALL_IP_RANGES",
            "subnetwork": [],
            "tcp_established_idle_timeout_sec": 1200,
            "tcp_time_wait_timeout_sec": 120,
            "tcp_transitory_idle_timeout_sec": 30,
            "timeouts": null,
            "udp_idle_timeout_sec": 30
          },
          "sensitive_attributes": [],
          "identity_schema_version": 0,
          "private": "eyJlMmJmYjczMC1lY2FhLTExZTYtOGY4OC0zNDM2M2JjN2M0YzAiOnsiY3JlYXRlIjoxMjAwMDAwMDAwMDAwLCJkZWxldGUiOjEyMDAwMDAwMDAwMDAsInVwZGF0ZSI6MTIwMDAwMDAwMDAwMH19",
          "dependencies": [
            "google_compute_network.vpc_principal",
            "google_compute_router.router"
          ]
        }
      ]
    },
    {
      "mode": "managed",
      "type": "google_compute_subnetwork",
      "name": "subred_privada",
      "provider": "provider[\"registry.terraform.io/hashicorp/google\"]",
      "instances": [
        {
          "schema_version": 0,
          "attributes": {
            "creation_timestamp": "2025-10-25T04:55:14.749-07:00",
            "description": "",
            "external_ipv6_prefix": "",
            "fingerprint": null,
            "gateway_address": "10.0.2.1",
            "id": "projects/proven-mystery-473711-n3/regions/europe-west1/subnetworks/subred-privada",
            "internal_ipv6_prefix": "",
            "ip_cidr_range": "10.0.2.0/24",
            "ipv6_access_type": "",
            "ipv6_cidr_range": "",
            "log_config": [],
            "name": "subred-privada",
            "network": "https://www.googleapis.com/compute/v1/projects/proven-mystery-473711-n3/global/networks/vpc-principal",
            "private_ip_google_access": false,
            "private_ipv6_google_access": "DISABLE_GOOGLE_ACCESS",
            "project": "proven-mystery-473711-n3",
            "purpose": "PRIVATE",
            "region": "europe-west1",
            "role": "",
            "secondary_ip_range": [],
            "self_link": "https://www.googleapis.com/compute/v1/projects/proven-mystery-473711-n3/regions/europe-west1/subnetworks/subred-privada",
            "send_secondary_ip_range_if_empty": null,
            "stack_type": "IPV4_ONLY",
            "timeouts": null
          },
          "sensitive_attributes": [],
          "identity_schema_version": 0,
          "private": "eyJlMmJmYjczMC1lY2FhLTExZTYtOGY4OC0zNDM2M2JjN2M0YzAiOnsiY3JlYXRlIjoxMjAwMDAwMDAwMDAwLCJkZWxldGUiOjEyMDAwMDAwMDAwMDAsInVwZGF0ZSI6MTIwMDAwMDAwMDAwMH19",
          "dependencies": [
            "google_compute_network.vpc_principal"
          ]
        }
      ]
    },
    {
      "mode": "managed",
      "type": "google_compute_subnetwork",
      "name": "subred_publica",
      "provider": "provider[\"registry.terraform.io/hashicorp/google\"]",
      "instances": [
        {
          "schema_version": 0,
          "attributes": {
            "creation_timestamp": "2025-10-25T04:55:14.651-07:00",
            "description": "",
            "external_ipv6_prefix": "",
            "fingerprint": null,
            "gateway_address": "10.0.1.1",
            "id": "projects/proven-mystery-473711-n3/regions/europe-west1/subnetworks/subred-publica",
            "internal_ipv6_prefix": "",
            "ip_cidr_range": "10.0.1.0/24",
            "ipv6_access_type": "",
            "ipv6_cidr_range": "",
            "log_config": [],
            "name": "subred-publica",
            "network": "https://www.googleapis.com/compute/v1/projects/proven-mystery-473711-n3/global/networks/vpc-principal",
            "private_ip_google_access": false,
            "private_ipv6_google_access": "DISABLE_GOOGLE_ACCESS",
            "project": "proven-mystery-473711-n3",
            "purpose": "PRIVATE",
            "region": "europe-west1",
            "role": "",
            "secondary_ip_range": [],
            "self_link": "https://www.googleapis.com/compute/v1/projects/proven-mystery-473711-n3/regions/europe-west1/subnetworks/subred-publica",
            "send_secondary_ip_range_if_empty": null,
            "stack_type": "IPV4_ONLY",
            "timeouts": null
          },
          "sensitive_attributes": [],
          "identity_schema_version": 0,
          "private": "eyJlMmJmYjczMC1lY2FhLTExZTYtOGY4OC0zNDM2M2JjN2M0YzAiOnsiY3JlYXRlIjoxMjAwMDAwMDAwMDAwLCJkZWxldGUiOjEyMDAwMDAwMDAwMDAsInVwZGF0ZSI6MTIwMDAwMDAwMDAwMH19",
          "dependencies": [
            "google_compute_network.vpc_principal"
          ]
        }
      ]
    }
  ],
  "check_results": null
}
