{
  "version": 4,
  "terraform_version": "1.13.3",
  "serial": 2,
  "lineage": "6596a417-dbdd-ba24-b0ba-ae07b73604b4",
  "outputs": {
    "vm_external_ip": {
      "value": "35.195.39.35",
      "type": "string"
    },
    "vm_internal_ip": {
      "value": "10.132.0.2",
      "type": "string"
    },
    "vm_name": {
      "value": "vm-ejemplo1",
      "type": "string"
    }
  },
  "resources": [
    {
      "mode": "managed",
      "type": "google_compute_instance",
      "name": "vm_simple",
      "provider": "provider[\"registry.terraform.io/hashicorp/google\"]",
      "instances": [
        {
          "schema_version": 6,
          "attributes": {
            "advanced_machine_features": [],
            "allow_stopping_for_update": null,
            "attached_disk": [],
            "boot_disk": [
              {
                "auto_delete": true,
                "device_name": "persistent-disk-0",
                "disk_encryption_key_raw": "",
                "disk_encryption_key_sha256": "",
                "initialize_params": [
                  {
                    "enable_confidential_compute": false,
                    "image": "https://www.googleapis.com/compute/v1/projects/debian-cloud/global/images/debian-12-bookworm-v20251014",
                    "labels": {},
                    "provisioned_iops": 0,
                    "provisioned_throughput": 0,
                    "resource_manager_tags": null,
                    "size": 10,
                    "storage_pool": "",
                    "type": "pd-standard"
                  }
                ],
                "kms_key_self_link": "",
                "mode": "READ_WRITE",
                "source": "https://www.googleapis.com/compute/v1/projects/proven-mystery-473711-n3/zones/europe-west1-b/disks/vm-ejemplo1"
              }
            ],
            "can_ip_forward": false,
            "confidential_instance_config": [],
            "cpu_platform": "Intel Broadwell",
            "current_status": "RUNNING",
            "deletion_protection": false,
            "description": "",
            "desired_status": null,
            "effective_labels": {},
            "enable_display": false,
            "guest_accelerator": [],
            "hostname": "",
            "id": "projects/proven-mystery-473711-n3/zones/europe-west1-b/instances/vm-ejemplo1",
            "instance_id": "7198848997746053133",
            "label_fingerprint": "42WmSpB8rSM=",
            "labels": null,
            "machine_type": "e2-micro",
            "metadata": {
              "ssh-keys": "macale:ssh-rsa AAAAB3NzaC1yc2EAAAADAQABAAACAQDQW3hODvTHK138k8UdfMz3bfS7PQb1PuU+gnWQjOHD5eML+YAbRNNoQxUTOkMQ7zzxz/96skpicz7PHXADnlbmZYuQ6wY+dmfRDRJcFa5U563k0DSUioFDwkK2Z1HjHHJVTenQHj/r+OfGSQ8Xe0sPFNzCY4cUO2xuD6cAccX8QIKt1YWkc/AhYsNYB3vUL/ci10nWUUtDokqH+ad6VRC9B/JO3WQDkcKfSc0aMunJmwruuROMMDtJqrKzMqbNZGHz/ym92KMaheP3EE9OfJaA1Zlg3feU0iceb37lJgH2KtjbFwkIZ0N9N46rqGroF8hfXxbBLvJPgYCjYouV2VVexgkUHvAzdmyRPhyfUmL+eUmhfcEmUZZ+WgpBz56SxtXf/R2vW0DodoN/JZSFnhlT7Gj8xHOiovKgrTcN78F/+c0KqKpRaDZNl4VXkp0LvGEwqyAu4wYc09TZmj/5TPLwNEMWIRmzM9Pf0TtcVK68SU/vZwzSEYcmf1hCoEJEO0qJdvDM+TAy644fesYQVcG1AH1ahWPC7hyPz54Jw0PIZpMTL4NMjzcBX32Nk/aji5GWRQM/6Q+Qkw5WK+HuIwv9EnElsSSvqYn1hYVCZc3v6gnqIr8I9Hm8X9umbmc6BR8jj9EifmUupZvMfk9OjlJaXLtxen9Eh8xoGyv7hLr0uQ== macale@debian\n"
            },
            "metadata_fingerprint": "lq5hwPOwq5o=",
            "metadata_startup_script": null,
            "min_cpu_platform": "",
            "name": "vm-ejemplo1",
            "network_interface": [
              {
                "access_config": [
                  {
                    "nat_ip": "35.195.39.35",
                    "network_tier": "PREMIUM",
                    "public_ptr_domain_name": ""
                  }
                ],
                "alias_ip_range": [],
                "internal_ipv6_prefix_length": 0,
                "ipv6_access_config": [],
                "ipv6_access_type": "",
                "ipv6_address": "",
                "name": "nic0",
                "network": "https://www.googleapis.com/compute/v1/projects/proven-mystery-473711-n3/global/networks/default",
                "network_ip": "10.132.0.2",
                "nic_type": "",
                "queue_count": 0,
                "stack_type": "IPV4_ONLY",
                "subnetwork": "https://www.googleapis.com/compute/v1/projects/proven-mystery-473711-n3/regions/europe-west1/subnetworks/default",
                "subnetwork_project": "proven-mystery-473711-n3"
              }
            ],
            "network_performance_config": [],
            "params": [],
            "project": "proven-mystery-473711-n3",
            "reservation_affinity": [],
            "resource_policies": null,
            "scheduling": [
              {
                "automatic_restart": true,
                "instance_termination_action": "",
                "local_ssd_recovery_timeout": [],
                "max_run_duration": [],
                "min_node_cpus": 0,
                "node_affinities": [],
                "on_host_maintenance": "MIGRATE",
                "on_instance_stop_action": [],
                "preemptible": false,
                "provisioning_model": "STANDARD"
              }
            ],
            "scratch_disk": [],
            "self_link": "https://www.googleapis.com/compute/v1/projects/proven-mystery-473711-n3/zones/europe-west1-b/instances/vm-ejemplo1",
            "service_account": [],
            "shielded_instance_config": [
              {
                "enable_integrity_monitoring": true,
                "enable_secure_boot": false,
                "enable_vtpm": true
              }
            ],
            "tags": [
              "terraform",
              "vm-ejemplo1"
            ],
            "tags_fingerprint": "KP6oftui-cE=",
            "terraform_labels": {},
            "timeouts": null,
            "zone": "europe-west1-b"
          },
          "sensitive_attributes": [
            [
              {
                "type": "get_attr",
                "value": "boot_disk"
              },
              {
                "type": "index",
                "value": {
                  "value": 0,
                  "type": "number"
                }
              },
              {
                "type": "get_attr",
                "value": "disk_encryption_key_raw"
              }
            ]
          ],
          "identity_schema_version": 0,
          "private": "eyJlMmJmYjczMC1lY2FhLTExZTYtOGY4OC0zNDM2M2JjN2M0YzAiOnsiY3JlYXRlIjoxMjAwMDAwMDAwMDAwLCJkZWxldGUiOjEyMDAwMDAwMDAwMDAsInVwZGF0ZSI6MTIwMDAwMDAwMDAwMH0sInNjaGVtYV92ZXJzaW9uIjoiNiJ9"
        }
      ]
    }
  ],
  "check_results": null
}
